
Microsoft Visual Studio Solution File, Format Version 12.00
# Visual Studio 15
VisualStudioVersion = 15.0.26730.15
MinimumVisualStudioVersion = 10.0.40219.1
Project("{FAE04EC0-301F-11D3-BF4B-00C04F79EFBC}") = "Cart", "Cart\Cart.csproj", "{016211DB-85D8-485E-8465-C65590F4BBCE}"
EndProject
Project("{FAE04EC0-301F-11D3-BF4B-00C04F79EFBC}") = "XUnitTestProject1", "XUnitTestProject1\XUnitTestProject1.csproj", "{1477F45D-E182-456F-91DC-3839333A2F34}"
EndProject
Global
	GlobalSection(SolutionConfigurationPlatforms) = preSolution
		Debug|Any CPU = Debug|Any CPU
		Release|Any CPU = Release|Any CPU
	EndGlobalSection
	GlobalSection(ProjectConfigurationPlatforms) = postSolution
		{016211DB-85D8-485E-8465-C65590F4BBCE}.Debug|Any CPU.ActiveCfg = Debug|Any CPU
		{016211DB-85D8-485E-8465-C65590F4BBCE}.Debug|Any CPU.Build.0 = Debug|Any CPU
		{016211DB-85D8-485E-8465-C65590F4BBCE}.Release|Any CPU.ActiveCfg = Release|Any CPU
		{016211DB-85D8-485E-8465-C65590F4BBCE}.Release|Any CPU.Build.0 = Release|Any CPU
		{1477F45D-E182-456F-91DC-3839333A2F34}.Debug|Any CPU.ActiveCfg = Debug|Any CPU
		{1477F45D-E182-456F-91DC-3839333A2F34}.Debug|Any CPU.Build.0 = Debug|Any CPU
		{1477F45D-E182-456F-91DC-3839333A2F34}.Release|Any CPU.ActiveCfg = Release|Any CPU
		{1477F45D-E182-456F-91DC-3839333A2F34}.Release|Any CPU.Build.0 = Release|Any CPU
	EndGlobalSection
	GlobalSection(SolutionProperties) = preSolution
		HideSolutionNode = FALSE
	EndGlobalSection
	GlobalSection(ExtensibilityGlobals) = postSolution
		SolutionGuid = {3C8B9005-CE50-4743-844A-4980FE058C6A}
	EndGlobalSection
EndGlobal
